
Microsoft Visual Studio Solution File, Format Version 12.00
# Visual Studio Version 17
VisualStudioVersion = 17.8.34309.116
MinimumVisualStudioVersion = 10.0.40219.1
Project("{9A19103F-16F7-4668-BE54-9A1E7A4F7556}") = "AzureDemo", "AzureBusServiceDemo\AzureDemo.csproj", "{DC4D0BF0-3D20-4F1B-86D0-999CCBC84C6E}"
EndProject
Project("{FAE04EC0-301F-11D3-BF4B-00C04F79EFBC}") = "AzBusServiceShare", "AzBusService\AzBusServiceShare.csproj", "{D202619A-96C2-4F3C-AAB0-A97533F3DEF8}"
EndProject
Project("{FAE04EC0-301F-11D3-BF4B-00C04F79EFBC}") = "AzBusReceiver", "AzBusReceiver\AzBusReceiver.csproj", "{897BA94C-63F4-4191-903E-4ADDA1EAEB2F}"
EndProject
Global
	GlobalSection(SolutionConfigurationPlatforms) = preSolution
		Debug|Any CPU = Debug|Any CPU
		Release|Any CPU = Release|Any CPU
	EndGlobalSection
	GlobalSection(ProjectConfigurationPlatforms) = postSolution
		{DC4D0BF0-3D20-4F1B-86D0-999CCBC84C6E}.Debug|Any CPU.ActiveCfg = Debug|Any CPU
		{DC4D0BF0-3D20-4F1B-86D0-999CCBC84C6E}.Debug|Any CPU.Build.0 = Debug|Any CPU
		{DC4D0BF0-3D20-4F1B-86D0-999CCBC84C6E}.Release|Any CPU.ActiveCfg = Release|Any CPU
		{DC4D0BF0-3D20-4F1B-86D0-999CCBC84C6E}.Release|Any CPU.Build.0 = Release|Any CPU
		{D202619A-96C2-4F3C-AAB0-A97533F3DEF8}.Debug|Any CPU.ActiveCfg = Debug|Any CPU
		{D202619A-96C2-4F3C-AAB0-A97533F3DEF8}.Debug|Any CPU.Build.0 = Debug|Any CPU
		{D202619A-96C2-4F3C-AAB0-A97533F3DEF8}.Release|Any CPU.ActiveCfg = Release|Any CPU
		{D202619A-96C2-4F3C-AAB0-A97533F3DEF8}.Release|Any CPU.Build.0 = Release|Any CPU
		{897BA94C-63F4-4191-903E-4ADDA1EAEB2F}.Debug|Any CPU.ActiveCfg = Debug|Any CPU
		{897BA94C-63F4-4191-903E-4ADDA1EAEB2F}.Debug|Any CPU.Build.0 = Debug|Any CPU
		{897BA94C-63F4-4191-903E-4ADDA1EAEB2F}.Release|Any CPU.ActiveCfg = Release|Any CPU
		{897BA94C-63F4-4191-903E-4ADDA1EAEB2F}.Release|Any CPU.Build.0 = Release|Any CPU
	EndGlobalSection
	GlobalSection(SolutionProperties) = preSolution
		HideSolutionNode = FALSE
	EndGlobalSection
	GlobalSection(ExtensibilityGlobals) = postSolution
		SolutionGuid = {E31043D3-0841-4F94-90C2-17A2B1BDBCF7}
	EndGlobalSection
EndGlobal
